// !$*UTF8*$!
{
	archiveVersion = 1;
	classes = {
	};
	objectVersion = 56;
	objects = {

/* Begin PBXBuildFile section */
		ABF969F329DAFAA8005985BD /* AppDelegate.swift in Sources */ = {isa = PBXBuildFile; fileRef = ABF969F229DAFAA8005985BD /* AppDelegate.swift */; };
		ABF969F529DAFAA8005985BD /* SceneDelegate.swift in Sources */ = {isa = PBXBuildFile; fileRef = ABF969F429DAFAA8005985BD /* SceneDelegate.swift */; };
		ABF969F729DAFAA8005985BD /* FirstViewController.swift in Sources */ = {isa = PBXBuildFile; fileRef = ABF969F629DAFAA8005985BD /* FirstViewController.swift */; };
		ABF969FA29DAFAA8005985BD /* Main.storyboard in Resources */ = {isa = PBXBuildFile; fileRef = ABF969F829DAFAA8005985BD /* Main.storyboard */; };
		ABF969FC29DAFAA9005985BD /* Assets.xcassets in Resources */ = {isa = PBXBuildFile; fileRef = ABF969FB29DAFAA9005985BD /* Assets.xcassets */; };
		ABF969FF29DAFAA9005985BD /* LaunchScreen.storyboard in Resources */ = {isa = PBXBuildFile; fileRef = ABF969FD29DAFAA9005985BD /* LaunchScreen.storyboard */; };
		ABF96A0729DAFAF8005985BD /* SecondViewController.swift in Sources */ = {isa = PBXBuildFile; fileRef = ABF96A0629DAFAF8005985BD /* SecondViewController.swift */; };
		ABF96A0A29DAFB2C005985BD /* SnapKit in Frameworks */ = {isa = PBXBuildFile; productRef = ABF96A0929DAFB2C005985BD /* SnapKit */; };
/* End PBXBuildFile section */

/* Begin PBXFileReference section */
		ABF969EF29DAFAA8005985BD /* navigationController.app */ = {isa = PBXFileReference; explicitFileType = wrapper.application; includeInIndex = 0; path = navigationController.app; sourceTree = BUILT_PRODUCTS_DIR; };
		ABF969F229DAFAA8005985BD /* AppDelegate.swift */ = {isa = PBXFileReference; lastKnownFileType = sourcecode.swift; path = AppDelegate.swift; sourceTree = "<group>"; };
		ABF969F429DAFAA8005985BD /* SceneDelegate.swift */ = {isa = PBXFileReference; lastKnownFileType = sourcecode.swift; path = SceneDelegate.swift; sourceTree = "<group>"; };
		ABF969F629DAFAA8005985BD /* FirstViewController.swift */ = {isa = PBXFileReference; lastKnownFileType = sourcecode.swift; path = FirstViewController.swift; sourceTree = "<group>"; };
		ABF969F929DAFAA8005985BD /* Base */ = {isa = PBXFileReference; lastKnownFileType = file.storyboard; name = Base; path = Base.lproj/Main.storyboard; sourceTree = "<group>"; };
		ABF969FB29DAFAA9005985BD /* Assets.xcassets */ = {isa = PBXFileReference; lastKnownFileType = folder.assetcatalog; path = Assets.xcassets; sourceTree = "<group>"; };
		ABF969FE29DAFAA9005985BD /* Base */ = {isa = PBXFileReference; lastKnownFileType = file.storyboard; name = Base; path = Base.lproj/LaunchScreen.storyboard; sourceTree = "<group>"; };
		ABF96A0029DAFAA9005985BD /* Info.plist */ = {isa = PBXFileReference; lastKnownFileType = text.plist.xml; path = Info.plist; sourceTree = "<group>"; };
		ABF96A0629DAFAF8005985BD /* SecondViewController.swift */ = {isa = PBXFileReference; lastKnownFileType = sourcecode.swift; path = SecondViewController.swift; sourceTree = "<group>"; };
/* End PBXFileReference section */

/* Begin PBXFrameworksBuildPhase section */
		ABF969EC29DAFAA8005985BD /* Frameworks */ = {
			isa = PBXFrameworksBuildPhase;
			buildActionMask = 2147483647;
			files = (
				ABF96A0A29DAFB2C005985BD /* SnapKit in Frameworks */,
			);
			runOnlyForDeploymentPostprocessing = 0;
		};
/* End PBXFrameworksBuildPhase section */

/* Begin PBXGroup section */
		ABF969E629DAFAA8005985BD = {
			isa = PBXGroup;
			children = (
				ABF969F129DAFAA8005985BD /* navigationController */,
				ABF969F029DAFAA8005985BD /* Products */,
			);
			sourceTree = "<group>";
		};
		ABF969F029DAFAA8005985BD /* Products */ = {
			isa = PBXGroup;
			children = (
				ABF969EF29DAFAA8005985BD /* navigationController.app */,
			);
			name = Products;
			sourceTree = "<group>";
		};
		ABF969F129DAFAA8005985BD /* navigationController */ = {
			isa = PBXGroup;
			children = (
				ABF969F229DAFAA8005985BD /* AppDelegate.swift */,
				ABF969F429DAFAA8005985BD /* SceneDelegate.swift */,
				ABF969F629DAFAA8005985BD /* FirstViewController.swift */,
				ABF96A0629DAFAF8005985BD /* SecondViewController.swift */,
				ABF969F829DAFAA8005985BD /* Main.storyboard */,
				ABF969FB29DAFAA9005985BD /* Assets.xcassets */,
				ABF969FD29DAFAA9005985BD /* LaunchScreen.storyboard */,
				ABF96A0029DAFAA9005985BD /* Info.plist */,
			);
			path = navigationController;
			sourceTree = "<group>";
		};
/* End PBXGroup section */

/* Begin PBXNativeTarget section */
		ABF969EE29DAFAA8005985BD /* navigationController */ = {
			isa = PBXNativeTarget;
			buildConfigurationList = ABF96A0329DAFAA9005985BD /* Build configuration list for PBXNativeTarget "navigationController" */;
			buildPhases = (
				ABF969EB29DAFAA8005985BD /* Sources */,
				ABF969EC29DAFAA8005985BD /* Frameworks */,
				ABF969ED29DAFAA8005985BD /* Resources */,
			);
			buildRules = (
			);
			dependencies = (
			);
			name = navigationController;
			packageProductDependencies = (
				ABF96A0929DAFB2C005985BD /* SnapKit */,
			);
			productName = navigationController;
			productReference = ABF969EF29DAFAA8005985BD /* navigationController.app */;
			productType = "com.apple.product-type.application";
		};
/* End PBXNativeTarget section */

/* Begin PBXProject section */
		ABF969E729DAFAA8005985BD /* Project object */ = {
			isa = PBXProject;
			attributes = {
				BuildIndependentTargetsInParallel = 1;
				LastSwiftUpdateCheck = 1420;
				LastUpgradeCheck = 1420;
				TargetAttributes = {
					ABF969EE29DAFAA8005985BD = {
						CreatedOnToolsVersion = 14.2;
					};
				};
			};
			buildConfigurationList = ABF969EA29DAFAA8005985BD /* Build configuration list for PBXProject "navigationController" */;
			compatibilityVersion = "Xcode 14.0";
			developmentRegion = en;
			hasScannedForEncodings = 0;
			knownRegions = (
				en,
				Base,
			);
			mainGroup = ABF969E629DAFAA8005985BD;
			packageReferences = (
				ABF96A0829DAFB2C005985BD /* XCRemoteSwiftPackageReference "SnapKit" */,
			);
			productRefGroup = ABF969F029DAFAA8005985BD /* Products */;
			projectDirPath = "";
			projectRoot = "";
			targets = (
				ABF969EE29DAFAA8005985BD /* navigationController */,
			);
		};
/* End PBXProject section */

/* Begin PBXResourcesBuildPhase section */
		ABF969ED29DAFAA8005985BD /* Resources */ = {
			isa = PBXResourcesBuildPhase;
			buildActionMask = 2147483647;
			files = (
				ABF969FF29DAFAA9005985BD /* LaunchScreen.storyboard in Resources */,
				ABF969FC29DAFAA9005985BD /* Assets.xcassets in Resources */,
				ABF969FA29DAFAA8005985BD /* Main.storyboard in Resources */,
			);
			runOnlyForDeploymentPostprocessing = 0;
		};
/* End PBXResourcesBuildPhase section */

/* Begin PBXSourcesBuildPhase section */
		ABF969EB29DAFAA8005985BD /* Sources */ = {
			isa = PBXSourcesBuildPhase;
			buildActionMask = 2147483647;
			files = (
				ABF96A0729DAFAF8005985BD /* SecondViewController.swift in Sources */,
				ABF969F729DAFAA8005985BD /* FirstViewController.swift in Sources */,
				ABF969F329DAFAA8005985BD /* AppDelegate.swift in Sources */,
				ABF969F529DAFAA8005985BD /* SceneDelegate.swift in Sources */,
			);
			runOnlyForDeploymentPostprocessing = 0;
		};
/* End PBXSourcesBuildPhase section */

/* Begin PBXVariantGroup section */
		ABF969F829DAFAA8005985BD /* Main.storyboard */ = {
			isa = PBXVariantGroup;
			children = (
				ABF969F929DAFAA8005985BD /* Base */,
			);
			name = Main.storyboard;
			sourceTree = "<group>";
		};
		ABF969FD29DAFAA9005985BD /* LaunchScreen.storyboard */ = {
			isa = PBXVariantGroup;
			children = (
				ABF969FE29DAFAA9005985BD /* Base */,
			);
			name = LaunchScreen.storyboard;
			sourceTree = "<group>";
		};
/* End PBXVariantGroup section */

/* Begin XCBuildConfiguration section */
		ABF96A0129DAFAA9005985BD /* Debug */ = {
			isa = XCBuildConfiguration;
			buildSettings = {
				ALWAYS_SEARCH_USER_PATHS = NO;
				CLANG_ANALYZER_NONNULL = YES;
				CLANG_ANALYZER_NUMBER_OBJECT_CONVERSION = YES_AGGRESSIVE;
				CLANG_CXX_LANGUAGE_STANDARD = "gnu++20";
				CLANG_ENABLE_MODULES = YES;
				CLANG_ENABLE_OBJC_ARC = YES;
				CLANG_ENABLE_OBJC_WEAK = YES;
				CLANG_WARN_BLOCK_CAPTURE_AUTORELEASING = YES;
				CLANG_WARN_BOOL_CONVERSION = YES;
				CLANG_WARN_COMMA = YES;
				CLANG_WARN_CONSTANT_CONVERSION = YES;
				CLANG_WARN_DEPRECATED_OBJC_IMPLEMENTATIONS = YES;
				CLANG_WARN_DIRECT_OBJC_ISA_USAGE = YES_ERROR;
				CLANG_WARN_DOCUMENTATION_COMMENTS = YES;
				CLANG_WARN_EMPTY_BODY = YES;
				CLANG_WARN_ENUM_CONVERSION = YES;
				CLANG_WARN_INFINITE_RECURSION = YES;
				CLANG_WARN_INT_CONVERSION = YES;
				CLANG_WARN_NON_LITERAL_NULL_CONVERSION = YES;
				CLANG_WARN_OBJC_IMPLICIT_RETAIN_SELF = YES;
				CLANG_WARN_OBJC_LITERAL_CONVERSION = YES;
				CLANG_WARN_OBJC_ROOT_CLASS = YES_ERROR;
				CLANG_WARN_QUOTED_INCLUDE_IN_FRAMEWORK_HEADER = YES;
				CLANG_WARN_RANGE_LOOP_ANALYSIS = YES;
				CLANG_WARN_STRICT_PROTOTYPES = YES;
				CLANG_WARN_SUSPICIOUS_MOVE = YES;
				CLANG_WARN_UNGUARDED_AVAILABILITY = YES_AGGRESSIVE;
				CLANG_WARN_UNREACHABLE_CODE = YES;
				CLANG_WARN__DUPLICATE_METHOD_MATCH = YES;
				COPY_PHASE_STRIP = NO;
				DEBUG_INFORMATION_FORMAT = dwarf;
				ENABLE_STRICT_OBJC_MSGSEND = YES;
				ENABLE_TESTABILITY = YES;
				GCC_C_LANGUAGE_STANDARD = gnu11;
				GCC_DYNAMIC_NO_PIC = NO;
				GCC_NO_COMMON_BLOCKS = YES;
				GCC_OPTIMIZATION_LEVEL = 0;
				GCC_PREPROCESSOR_DEFINITIONS = (
					"DEBUG=1",
					"$(inherited)",
				);
				GCC_WARN_64_TO_32_BIT_CONVERSION = YES;
				GCC_WARN_ABOUT_RETURN_TYPE = YES_ERROR;
				GCC_WARN_UNDECLARED_SELECTOR = YES;
				GCC_WARN_UNINITIALIZED_AUTOS = YES_AGGRESSIVE;
				GCC_WARN_UNUSED_FUNCTION = YES;
				GCC_WARN_UNUSED_VARIABLE = YES;
				IPHONEOS_DEPLOYMENT_TARGET = 16.2;
				MTL_ENABLE_DEBUG_INFO = INCLUDE_SOURCE;
				MTL_FAST_MATH = YES;
				ONLY_ACTIVE_ARCH = YES;
				SDKROOT = iphoneos;
				SWIFT_ACTIVE_COMPILATION_CONDITIONS = DEBUG;
				SWIFT_OPTIMIZATION_LEVEL = "-Onone";
			};
			name = Debug;
		};
		ABF96A0229DAFAA9005985BD /* Release */ = {
			isa = XCBuildConfiguration;
			buildSettings = {
				ALWAYS_SEARCH_USER_PATHS = NO;
				CLANG_ANALYZER_NONNULL = YES;
				CLANG_ANALYZER_NUMBER_OBJECT_CONVERSION = YES_AGGRESSIVE;
				CLANG_CXX_LANGUAGE_STANDARD = "gnu++20";
				CLANG_ENABLE_MODULES = YES;
				CLANG_ENABLE_OBJC_ARC = YES;
				CLANG_ENABLE_OBJC_WEAK = YES;
				CLANG_WARN_BLOCK_CAPTURE_AUTORELEASING = YES;
				CLANG_WARN_BOOL_CONVERSION = YES;
				CLANG_WARN_COMMA = YES;
				CLANG_WARN_CONSTANT_CONVERSION = YES;
				CLANG_WARN_DEPRECATED_OBJC_IMPLEMENTATIONS = YES;
				CLANG_WARN_DIRECT_OBJC_ISA_USAGE = YES_ERROR;
				CLANG_WARN_DOCUMENTATION_COMMENTS = YES;
				CLANG_WARN_EMPTY_BODY = YES;
				CLANG_WARN_ENUM_CONVERSION = YES;
				CLANG_WARN_INFINITE_RECURSION = YES;
				CLANG_WARN_INT_CONVERSION = YES;
				CLANG_WARN_NON_LITERAL_NULL_CONVERSION = YES;
				CLANG_WARN_OBJC_IMPLICIT_RETAIN_SELF = YES;
				CLANG_WARN_OBJC_LITERAL_CONVERSION = YES;
				CLANG_WARN_OBJC_ROOT_CLASS = YES_ERROR;
				CLANG_WARN_QUOTED_INCLUDE_IN_FRAMEWORK_HEADER = YES;
				CLANG_WARN_RANGE_LOOP_ANALYSIS = YES;
				CLANG_WARN_STRICT_PROTOTYPES = YES;
				CLANG_WARN_SUSPICIOUS_MOVE = YES;
				CLANG_WARN_UNGUARDED_AVAILABILITY = YES_AGGRESSIVE;
				CLANG_WARN_UNREACHABLE_CODE = YES;
				CLANG_WARN__DUPLICATE_METHOD_MATCH = YES;
				COPY_PHASE_STRIP = NO;
				DEBUG_INFORMATION_FORMAT = "dwarf-with-dsym";
				ENABLE_NS_ASSERTIONS = NO;
				ENABLE_STRICT_OBJC_MSGSEND = YES;
				GCC_C_LANGUAGE_STANDARD = gnu11;
				GCC_NO_COMMON_BLOCKS = YES;
				GCC_WARN_64_TO_32_BIT_CONVERSION = YES;
				GCC_WARN_ABOUT_RETURN_TYPE = YES_ERROR;
				GCC_WARN_UNDECLARED_SELECTOR = YES;
				GCC_WARN_UNINITIALIZED_AUTOS = YES_AGGRESSIVE;
				GCC_WARN_UNUSED_FUNCTION = YES;
				GCC_WARN_UNUSED_VARIABLE = YES;
				IPHONEOS_DEPLOYMENT_TARGET = 16.2;
				MTL_ENABLE_DEBUG_INFO = NO;
				MTL_FAST_MATH = YES;
				SDKROOT = iphoneos;
				SWIFT_COMPILATION_MODE = wholemodule;
				SWIFT_OPTIMIZATION_LEVEL = "-O";
				VALIDATE_PRODUCT = YES;
			};
			name = Release;
		};
		ABF96A0429DAFAA9005985BD /* Debug */ = {
			isa = XCBuildConfiguration;
			buildSettings = {
				ASSETCATALOG_COMPILER_APPICON_NAME = AppIcon;
				ASSETCATALOG_COMPILER_GLOBAL_ACCENT_COLOR_NAME = AccentColor;
				CODE_SIGN_STYLE = Automatic;
				CURRENT_PROJECT_VERSION = 1;
				DEVELOPMENT_TEAM = 8QSTXVD8H9;
				GENERATE_INFOPLIST_FILE = YES;
				INFOPLIST_FILE = navigationController/Info.plist;
				INFOPLIST_KEY_UIApplicationSupportsIndirectInputEvents = YES;
				INFOPLIST_KEY_UILaunchStoryboardName = LaunchScreen;
				INFOPLIST_KEY_UIMainStoryboardFile = Main;
				INFOPLIST_KEY_UISupportedInterfaceOrientations_iPad = "UIInterfaceOrientationPortrait UIInterfaceOrientationPortraitUpsideDown UIInterfaceOrientationLandscapeLeft UIInterfaceOrientationLandscapeRight";
				INFOPLIST_KEY_UISupportedInterfaceOrientations_iPhone = "UIInterfaceOrientationPortrait UIInterfaceOrientationLandscapeLeft UIInterfaceOrientationLandscapeRight";
				LD_RUNPATH_SEARCH_PATHS = (
					"$(inherited)",
					"@executable_path/Frameworks",
				);
				MARKETING_VERSION = 1.0;
				PRODUCT_BUNDLE_IDENTIFIER = com.momo.navigationController;
				PRODUCT_NAME = "$(TARGET_NAME)";
				SWIFT_EMIT_LOC_STRINGS = YES;
				SWIFT_VERSION = 5.0;
				TARGETED_DEVICE_FAMILY = "1,2";
			};
			name = Debug;
		};
		ABF96A0529DAFAA9005985BD /* Release */ = {
			isa = XCBuildConfiguration;
			buildSettings = {
				ASSETCATALOG_COMPILER_APPICON_NAME = AppIcon;
				ASSETCATALOG_COMPILER_GLOBAL_ACCENT_COLOR_NAME = AccentColor;
				CODE_SIGN_STYLE = Automatic;
				CURRENT_PROJECT_VERSION = 1;
				DEVELOPMENT_TEAM = 8QSTXVD8H9;
				GENERATE_INFOPLIST_FILE = YES;
				INFOPLIST_FILE = navigationController/Info.plist;
				INFOPLIST_KEY_UIApplicationSupportsIndirectInputEvents = YES;
				INFOPLIST_KEY_UILaunchStoryboardName = LaunchScreen;
				INFOPLIST_KEY_UIMainStoryboardFile = Main;
				INFOPLIST_KEY_UISupportedInterfaceOrientations_iPad = "UIInterfaceOrientationPortrait UIInterfaceOrientationPortraitUpsideDown UIInterfaceOrientationLandscapeLeft UIInterfaceOrientationLandscapeRight";
				INFOPLIST_KEY_UISupportedInterfaceOrientations_iPhone = "UIInterfaceOrientationPortrait UIInterfaceOrientationLandscapeLeft UIInterfaceOrientationLandscapeRight";
				LD_RUNPATH_SEARCH_PATHS = (
					"$(inherited)",
					"@executable_path/Frameworks",
				);
				MARKETING_VERSION = 1.0;
				PRODUCT_BUNDLE_IDENTIFIER = com.momo.navigationController;
				PRODUCT_NAME = "$(TARGET_NAME)";
				SWIFT_EMIT_LOC_STRINGS = YES;
				SWIFT_VERSION = 5.0;
				TARGETED_DEVICE_FAMILY = "1,2";
			};
			name = Release;
		};
/* End XCBuildConfiguration section */

/* Begin XCConfigurationList section */
		ABF969EA29DAFAA8005985BD /* Build configuration list for PBXProject "navigationController" */ = {
			isa = XCConfigurationList;
			buildConfigurations = (
				ABF96A0129DAFAA9005985BD /* Debug */,
				ABF96A0229DAFAA9005985BD /* Release */,
			);
			defaultConfigurationIsVisible = 0;
			defaultConfigurationName = Release;
		};
		ABF96A0329DAFAA9005985BD /* Build configuration list for PBXNativeTarget "navigationController" */ = {
			isa = XCConfigurationList;
			buildConfigurations = (
				ABF96A0429DAFAA9005985BD /* Debug */,
				ABF96A0529DAFAA9005985BD /* Release */,
			);
			defaultConfigurationIsVisible = 0;
			defaultConfigurationName = Release;
		};
/* End XCConfigurationList section */

/* Begin XCRemoteSwiftPackageReference section */
		ABF96A0829DAFB2C005985BD /* XCRemoteSwiftPackageReference "SnapKit" */ = {
			isa = XCRemoteSwiftPackageReference;
			repositoryURL = "https://github.com/SnapKit/SnapKit.git";
			requirement = {
				branch = develop;
				kind = branch;
			};
		};
/* End XCRemoteSwiftPackageReference section */

/* Begin XCSwiftPackageProductDependency section */
		ABF96A0929DAFB2C005985BD /* SnapKit */ = {
			isa = XCSwiftPackageProductDependency;
			package = ABF96A0829DAFB2C005985BD /* XCRemoteSwiftPackageReference "SnapKit" */;
			productName = SnapKit;
		};
/* End XCSwiftPackageProductDependency section */
	};
	rootObject = ABF969E729DAFAA8005985BD /* Project object */;
}
